
Microsoft Visual Studio Solution File, Format Version 12.00
# Visual Studio Version 16
VisualStudioVersion = 16.0.29409.12
MinimumVisualStudioVersion = 10.0.40219.1
Project("{FAE04EC0-301F-11D3-BF4B-00C04F79EFBC}") = "PollyImplementation", "PollyImplementation\PollyImplementation.csproj", "{29A2B2E9-3850-4517-8E4A-A17BD428C744}"
EndProject
Project("{FAE04EC0-301F-11D3-BF4B-00C04F79EFBC}") = "ClientApp", "ClientApp\ClientApp.csproj", "{0731EFD3-B4EB-4E55-8ACB-138BF2C9565B}"
EndProject
Global
	GlobalSection(SolutionConfigurationPlatforms) = preSolution
		Debug|Any CPU = Debug|Any CPU
		Release|Any CPU = Release|Any CPU
	EndGlobalSection
	GlobalSection(ProjectConfigurationPlatforms) = postSolution
		{29A2B2E9-3850-4517-8E4A-A17BD428C744}.Debug|Any CPU.ActiveCfg = Debug|Any CPU
		{29A2B2E9-3850-4517-8E4A-A17BD428C744}.Debug|Any CPU.Build.0 = Debug|Any CPU
		{29A2B2E9-3850-4517-8E4A-A17BD428C744}.Release|Any CPU.ActiveCfg = Release|Any CPU
		{29A2B2E9-3850-4517-8E4A-A17BD428C744}.Release|Any CPU.Build.0 = Release|Any CPU
		{0731EFD3-B4EB-4E55-8ACB-138BF2C9565B}.Debug|Any CPU.ActiveCfg = Debug|Any CPU
		{0731EFD3-B4EB-4E55-8ACB-138BF2C9565B}.Debug|Any CPU.Build.0 = Debug|Any CPU
		{0731EFD3-B4EB-4E55-8ACB-138BF2C9565B}.Release|Any CPU.ActiveCfg = Release|Any CPU
		{0731EFD3-B4EB-4E55-8ACB-138BF2C9565B}.Release|Any CPU.Build.0 = Release|Any CPU
	EndGlobalSection
	GlobalSection(SolutionProperties) = preSolution
		HideSolutionNode = FALSE
	EndGlobalSection
	GlobalSection(ExtensibilityGlobals) = postSolution
		SolutionGuid = {CFF18FDD-A01A-490B-A78F-CBAF380BAD30}
	EndGlobalSection
EndGlobal
